
Microsoft Visual Studio Solution File, Format Version 12.00
# Visual Studio Version 16
VisualStudioVersion = 16.0.33214.272
MinimumVisualStudioVersion = 10.0.40219.1
Project("{FAE04EC0-301F-11D3-BF4B-00C04F79EFBC}") = "CSharpFun", "CSharpFun\CSharpFun.csproj", "{2CA3C3DD-602D-42C3-8B99-F6A29156E0CD}"
EndProject
Global
	GlobalSection(SolutionConfigurationPlatforms) = preSolution
		Debug|Any CPU = Debug|Any CPU
		Release|Any CPU = Release|Any CPU
	EndGlobalSection
	GlobalSection(ProjectConfigurationPlatforms) = postSolution
		{2CA3C3DD-602D-42C3-8B99-F6A29156E0CD}.Debug|Any CPU.ActiveCfg = Debug|Any CPU
		{2CA3C3DD-602D-42C3-8B99-F6A29156E0CD}.Debug|Any CPU.Build.0 = Debug|Any CPU
		{2CA3C3DD-602D-42C3-8B99-F6A29156E0CD}.Release|Any CPU.ActiveCfg = Release|Any CPU
		{2CA3C3DD-602D-42C3-8B99-F6A29156E0CD}.Release|Any CPU.Build.0 = Release|Any CPU
	EndGlobalSection
	GlobalSection(SolutionProperties) = preSolution
		HideSolutionNode = FALSE
	EndGlobalSection
	GlobalSection(ExtensibilityGlobals) = postSolution
		SolutionGuid = {3FDC92C3-7931-494C-A30D-18805A2CA133}
	EndGlobalSection
EndGlobal
